// !$*UTF8*$!
{
	archiveVersion = 1;
	classes = {
	};
	objectVersion = 56;
	objects = {

/* Begin PBXBuildFile section */
		9252E58B2D7A7778003B5388 /* SwiftSMTP in Frameworks */ = {isa = PBXBuildFile; productRef = 9252E58A2D7A7778003B5388 /* SwiftSMTP */; };
		9252E58E2D7A7F5B003B5388 /* GoogleService-Info.plist in Resources */ = {isa = PBXBuildFile; fileRef = 9252E58D2D7A7F5B003B5388 /* GoogleService-Info.plist */; };
		9252E5902D7A8072003B5388 /* FirebaseAnalytics in Frameworks */ = {isa = PBXBuildFile; productRef = 9252E58F2D7A8072003B5388 /* FirebaseAnalytics */; };
		9252E5922D7A8072003B5388 /* FirebaseAnalyticsOnDeviceConversion in Frameworks */ = {isa = PBXBuildFile; productRef = 9252E5912D7A8072003B5388 /* FirebaseAnalyticsOnDeviceConversion */; };
		9252E5942D7A8072003B5388 /* FirebaseAnalyticsWithoutAdIdSupport in Frameworks */ = {isa = PBXBuildFile; productRef = 9252E5932D7A8072003B5388 /* FirebaseAnalyticsWithoutAdIdSupport */; };
		9252E5962D7A8072003B5388 /* FirebaseAppCheck in Frameworks */ = {isa = PBXBuildFile; productRef = 9252E5952D7A8072003B5388 /* FirebaseAppCheck */; };
		9252E5982D7A8072003B5388 /* FirebaseAppDistribution-Beta in Frameworks */ = {isa = PBXBuildFile; productRef = 9252E5972D7A8072003B5388 /* FirebaseAppDistribution-Beta */; };
		9252E59A2D7A813E003B5388 /* AppDelegate.swift in Sources */ = {isa = PBXBuildFile; fileRef = 9252E5992D7A813E003B5388 /* AppDelegate.swift */; };
		926567902D7A8256002BD7C2 /* User.swift in Sources */ = {isa = PBXBuildFile; fileRef = 9265678F2D7A8256002BD7C2 /* User.swift */; };
		926567922D7A8288002BD7C2 /* AuthViewModel.swift in Sources */ = {isa = PBXBuildFile; fileRef = 926567912D7A8288002BD7C2 /* AuthViewModel.swift */; };
		926567942D7A8308002BD7C2 /* FirebaseAnalytics in Frameworks */ = {isa = PBXBuildFile; productRef = 926567932D7A8308002BD7C2 /* FirebaseAnalytics */; };
		926567962D7A8308002BD7C2 /* FirebaseAnalyticsOnDeviceConversion in Frameworks */ = {isa = PBXBuildFile; productRef = 926567952D7A8308002BD7C2 /* FirebaseAnalyticsOnDeviceConversion */; };
		926567982D7A8308002BD7C2 /* FirebaseAnalyticsWithoutAdIdSupport in Frameworks */ = {isa = PBXBuildFile; productRef = 926567972D7A8308002BD7C2 /* FirebaseAnalyticsWithoutAdIdSupport */; };
		9265679A2D7A8308002BD7C2 /* FirebaseAppCheck in Frameworks */ = {isa = PBXBuildFile; productRef = 926567992D7A8308002BD7C2 /* FirebaseAppCheck */; };
		9265679C2D7A8308002BD7C2 /* FirebaseAppDistribution-Beta in Frameworks */ = {isa = PBXBuildFile; productRef = 9265679B2D7A8308002BD7C2 /* FirebaseAppDistribution-Beta */; };
		9265679E2D7A8477002BD7C2 /* FirebaseAnalytics in Frameworks */ = {isa = PBXBuildFile; productRef = 9265679D2D7A8477002BD7C2 /* FirebaseAnalytics */; };
		926567A02D7A8477002BD7C2 /* FirebaseAnalyticsOnDeviceConversion in Frameworks */ = {isa = PBXBuildFile; productRef = 9265679F2D7A8477002BD7C2 /* FirebaseAnalyticsOnDeviceConversion */; };
		926567A22D7A8477002BD7C2 /* FirebaseAnalyticsWithoutAdIdSupport in Frameworks */ = {isa = PBXBuildFile; productRef = 926567A12D7A8477002BD7C2 /* FirebaseAnalyticsWithoutAdIdSupport */; };
		926567A42D7A8477002BD7C2 /* FirebaseAppCheck in Frameworks */ = {isa = PBXBuildFile; productRef = 926567A32D7A8477002BD7C2 /* FirebaseAppCheck */; };
		926567A62D7A8477002BD7C2 /* FirebaseAppDistribution-Beta in Frameworks */ = {isa = PBXBuildFile; productRef = 926567A52D7A8477002BD7C2 /* FirebaseAppDistribution-Beta */; };
		926567A82D7A8477002BD7C2 /* FirebaseAuth in Frameworks */ = {isa = PBXBuildFile; productRef = 926567A72D7A8477002BD7C2 /* FirebaseAuth */; };
		926567AA2D7A8477002BD7C2 /* FirebaseAuthCombine-Community in Frameworks */ = {isa = PBXBuildFile; productRef = 926567A92D7A8477002BD7C2 /* FirebaseAuthCombine-Community */; };
		926567AC2D7A8477002BD7C2 /* FirebaseCore in Frameworks */ = {isa = PBXBuildFile; productRef = 926567AB2D7A8477002BD7C2 /* FirebaseCore */; };
		926567AE2D7A8477002BD7C2 /* FirebaseCrashlytics in Frameworks */ = {isa = PBXBuildFile; productRef = 926567AD2D7A8477002BD7C2 /* FirebaseCrashlytics */; };
		926567B02D7A8477002BD7C2 /* FirebaseDatabase in Frameworks */ = {isa = PBXBuildFile; productRef = 926567AF2D7A8477002BD7C2 /* FirebaseDatabase */; };
		926567B22D7A8477002BD7C2 /* FirebaseDynamicLinks in Frameworks */ = {isa = PBXBuildFile; productRef = 926567B12D7A8477002BD7C2 /* FirebaseDynamicLinks */; };
		926567B42D7A8477002BD7C2 /* FirebaseFirestore in Frameworks */ = {isa = PBXBuildFile; productRef = 926567B32D7A8477002BD7C2 /* FirebaseFirestore */; };
		926567B62D7A8477002BD7C2 /* FirebaseFirestoreCombine-Community in Frameworks */ = {isa = PBXBuildFile; productRef = 926567B52D7A8477002BD7C2 /* FirebaseFirestoreCombine-Community */; };
		926567B82D7A8477002BD7C2 /* FirebaseFunctions in Frameworks */ = {isa = PBXBuildFile; productRef = 926567B72D7A8477002BD7C2 /* FirebaseFunctions */; };
		926567BA2D7A8477002BD7C2 /* FirebaseFunctionsCombine-Community in Frameworks */ = {isa = PBXBuildFile; productRef = 926567B92D7A8477002BD7C2 /* FirebaseFunctionsCombine-Community */; };
		926567BC2D7A8477002BD7C2 /* FirebaseInAppMessaging-Beta in Frameworks */ = {isa = PBXBuildFile; productRef = 926567BB2D7A8477002BD7C2 /* FirebaseInAppMessaging-Beta */; };
		926567BE2D7A8477002BD7C2 /* FirebaseInstallations in Frameworks */ = {isa = PBXBuildFile; productRef = 926567BD2D7A8477002BD7C2 /* FirebaseInstallations */; };
		926567C02D7A8477002BD7C2 /* FirebaseMLModelDownloader in Frameworks */ = {isa = PBXBuildFile; productRef = 926567BF2D7A8477002BD7C2 /* FirebaseMLModelDownloader */; };
		926567C22D7A8477002BD7C2 /* FirebaseMessaging in Frameworks */ = {isa = PBXBuildFile; productRef = 926567C12D7A8477002BD7C2 /* FirebaseMessaging */; };
		926567C42D7A8477002BD7C2 /* FirebasePerformance in Frameworks */ = {isa = PBXBuildFile; productRef = 926567C32D7A8477002BD7C2 /* FirebasePerformance */; };
		926567C62D7A8477002BD7C2 /* FirebaseRemoteConfig in Frameworks */ = {isa = PBXBuildFile; productRef = 926567C52D7A8477002BD7C2 /* FirebaseRemoteConfig */; };
		926567C82D7A8477002BD7C2 /* FirebaseStorage in Frameworks */ = {isa = PBXBuildFile; productRef = 926567C72D7A8477002BD7C2 /* FirebaseStorage */; };
		926567CA2D7A8477002BD7C2 /* FirebaseStorageCombine-Community in Frameworks */ = {isa = PBXBuildFile; productRef = 926567C92D7A8477002BD7C2 /* FirebaseStorageCombine-Community */; };
		926567CC2D7A8477002BD7C2 /* FirebaseVertexAI in Frameworks */ = {isa = PBXBuildFile; productRef = 926567CB2D7A8477002BD7C2 /* FirebaseVertexAI */; };
		926567D22D7A8E38002BD7C2 /* SignUpView.swift in Sources */ = {isa = PBXBuildFile; fileRef = 926567D02D7A8E38002BD7C2 /* SignUpView.swift */; };
		926567D32D7A8E38002BD7C2 /* LoginView.swift in Sources */ = {isa = PBXBuildFile; fileRef = 926567CF2D7A8E38002BD7C2 /* LoginView.swift */; };
		92AA1DD62D7A67BB00BF25CF /* ProductListView.swift in Sources */ = {isa = PBXBuildFile; fileRef = 92AA1DD42D7A67BB00BF25CF /* ProductListView.swift */; };
		92AA1DD72D7A67BB00BF25CF /* Formatter.swift in Sources */ = {isa = PBXBuildFile; fileRef = 92AA1DCB2D7A67BB00BF25CF /* Formatter.swift */; };
		92AA1DD82D7A67BB00BF25CF /* CartView.swift in Sources */ = {isa = PBXBuildFile; fileRef = 92AA1DD12D7A67BB00BF25CF /* CartView.swift */; };
		92AA1DD92D7A67BB00BF25CF /* ProductDetailView.swift in Sources */ = {isa = PBXBuildFile; fileRef = 92AA1DD32D7A67BB00BF25CF /* ProductDetailView.swift */; };
		92AA1DDA2D7A67BB00BF25CF /* OrderService.swift in Sources */ = {isa = PBXBuildFile; fileRef = 92AA1DC82D7A67BB00BF25CF /* OrderService.swift */; };
		92AA1DDB2D7A67BB00BF25CF /* CartViewModel.swift in Sources */ = {isa = PBXBuildFile; fileRef = 92AA1DCE2D7A67BB00BF25CF /* CartViewModel.swift */; };
		92AA1DDC2D7A67BB00BF25CF /* InvoiceGenerator.swift in Sources */ = {isa = PBXBuildFile; fileRef = 92AA1DCC2D7A67BB00BF25CF /* InvoiceGenerator.swift */; };
		92AA1DDD2D7A67BB00BF25CF /* Product.swift in Sources */ = {isa = PBXBuildFile; fileRef = 92AA1DC42D7A67BB00BF25CF /* Product.swift */; };
		92AA1DDE2D7A67BB00BF25CF /* Order.swift in Sources */ = {isa = PBXBuildFile; fileRef = 92AA1DC32D7A67BB00BF25CF /* Order.swift */; };
		92AA1DDF2D7A67BB00BF25CF /* OrderConfirmationView.swift in Sources */ = {isa = PBXBuildFile; fileRef = 92AA1DD22D7A67BB00BF25CF /* OrderConfirmationView.swift */; };
		92AA1DE02D7A67BB00BF25CF /* ProductService.swift in Sources */ = {isa = PBXBuildFile; fileRef = 92AA1DC92D7A67BB00BF25CF /* ProductService.swift */; };
		92AA1DE12D7A67BB00BF25CF /* ProductViewModel.swift in Sources */ = {isa = PBXBuildFile; fileRef = 92AA1DCF2D7A67BB00BF25CF /* ProductViewModel.swift */; };
		92AA1DE22D7A67BB00BF25CF /* MockData.json in Resources */ = {isa = PBXBuildFile; fileRef = 92AA1DC62D7A67BB00BF25CF /* MockData.json */; };
		92BC35BA2D72F92D008DBA10 /* DiamondFreshApp.swift in Sources */ = {isa = PBXBuildFile; fileRef = 92BC35B92D72F92D008DBA10 /* DiamondFreshApp.swift */; };
		92BC35BC2D72F92D008DBA10 /* ContentView.swift in Sources */ = {isa = PBXBuildFile; fileRef = 92BC35BB2D72F92D008DBA10 /* ContentView.swift */; };
		92BC35BE2D72F92E008DBA10 /* Assets.xcassets in Resources */ = {isa = PBXBuildFile; fileRef = 92BC35BD2D72F92E008DBA10 /* Assets.xcassets */; };
		92BC35C12D72F92E008DBA10 /* Preview Assets.xcassets in Resources */ = {isa = PBXBuildFile; fileRef = 92BC35C02D72F92E008DBA10 /* Preview Assets.xcassets */; };
		92BC35CB2D72F92E008DBA10 /* DiamondFreshTests.swift in Sources */ = {isa = PBXBuildFile; fileRef = 92BC35CA2D72F92E008DBA10 /* DiamondFreshTests.swift */; };
		92BC35D52D72F92E008DBA10 /* DiamondFreshUITests.swift in Sources */ = {isa = PBXBuildFile; fileRef = 92BC35D42D72F92E008DBA10 /* DiamondFreshUITests.swift */; };
		92BC35D72D72F92E008DBA10 /* DiamondFreshUITestsLaunchTests.swift in Sources */ = {isa = PBXBuildFile; fileRef = 92BC35D62D72F92E008DBA10 /* DiamondFreshUITestsLaunchTests.swift */; };
/* End PBXBuildFile section */

/* Begin PBXContainerItemProxy section */
		92BC35C72D72F92E008DBA10 /* PBXContainerItemProxy */ = {
			isa = PBXContainerItemProxy;
			containerPortal = 92BC35AE2D72F92D008DBA10 /* Project object */;
			proxyType = 1;
			remoteGlobalIDString = 92BC35B52D72F92D008DBA10;
			remoteInfo = DiamondFresh;
		};
		92BC35D12D72F92E008DBA10 /* PBXContainerItemProxy */ = {
			isa = PBXContainerItemProxy;
			containerPortal = 92BC35AE2D72F92D008DBA10 /* Project object */;
			proxyType = 1;
			remoteGlobalIDString = 92BC35B52D72F92D008DBA10;
			remoteInfo = DiamondFresh;
		};
/* End PBXContainerItemProxy section */

/* Begin PBXFileReference section */
		9252E58D2D7A7F5B003B5388 /* GoogleService-Info.plist */ = {isa = PBXFileReference; lastKnownFileType = text.plist.xml; path = "GoogleService-Info.plist"; sourceTree = "<group>"; };
		9252E5992D7A813E003B5388 /* AppDelegate.swift */ = {isa = PBXFileReference; lastKnownFileType = sourcecode.swift; path = AppDelegate.swift; sourceTree = "<group>"; };
		9265678F2D7A8256002BD7C2 /* User.swift */ = {isa = PBXFileReference; lastKnownFileType = sourcecode.swift; path = User.swift; sourceTree = "<group>"; };
		926567912D7A8288002BD7C2 /* AuthViewModel.swift */ = {isa = PBXFileReference; lastKnownFileType = sourcecode.swift; path = AuthViewModel.swift; sourceTree = "<group>"; };
		926567CF2D7A8E38002BD7C2 /* LoginView.swift */ = {isa = PBXFileReference; lastKnownFileType = sourcecode.swift; path = LoginView.swift; sourceTree = "<group>"; };
		926567D02D7A8E38002BD7C2 /* SignUpView.swift */ = {isa = PBXFileReference; lastKnownFileType = sourcecode.swift; path = SignUpView.swift; sourceTree = "<group>"; };
		92AA1DC32D7A67BB00BF25CF /* Order.swift */ = {isa = PBXFileReference; lastKnownFileType = sourcecode.swift; path = Order.swift; sourceTree = "<group>"; };
		92AA1DC42D7A67BB00BF25CF /* Product.swift */ = {isa = PBXFileReference; lastKnownFileType = sourcecode.swift; path = Product.swift; sourceTree = "<group>"; };
		92AA1DC62D7A67BB00BF25CF /* MockData.json */ = {isa = PBXFileReference; lastKnownFileType = text.json; path = MockData.json; sourceTree = "<group>"; };
		92AA1DC82D7A67BB00BF25CF /* OrderService.swift */ = {isa = PBXFileReference; lastKnownFileType = sourcecode.swift; path = OrderService.swift; sourceTree = "<group>"; };
		92AA1DC92D7A67BB00BF25CF /* ProductService.swift */ = {isa = PBXFileReference; lastKnownFileType = sourcecode.swift; path = ProductService.swift; sourceTree = "<group>"; };
		92AA1DCB2D7A67BB00BF25CF /* Formatter.swift */ = {isa = PBXFileReference; lastKnownFileType = sourcecode.swift; path = Formatter.swift; sourceTree = "<group>"; };
		92AA1DCC2D7A67BB00BF25CF /* InvoiceGenerator.swift */ = {isa = PBXFileReference; lastKnownFileType = sourcecode.swift; path = InvoiceGenerator.swift; sourceTree = "<group>"; };
		92AA1DCE2D7A67BB00BF25CF /* CartViewModel.swift */ = {isa = PBXFileReference; lastKnownFileType = sourcecode.swift; path = CartViewModel.swift; sourceTree = "<group>"; };
		92AA1DCF2D7A67BB00BF25CF /* ProductViewModel.swift */ = {isa = PBXFileReference; lastKnownFileType = sourcecode.swift; path = ProductViewModel.swift; sourceTree = "<group>"; };
		92AA1DD12D7A67BB00BF25CF /* CartView.swift */ = {isa = PBXFileReference; lastKnownFileType = sourcecode.swift; path = CartView.swift; sourceTree = "<group>"; };
		92AA1DD22D7A67BB00BF25CF /* OrderConfirmationView.swift */ = {isa = PBXFileReference; lastKnownFileType = sourcecode.swift; path = OrderConfirmationView.swift; sourceTree = "<group>"; };
		92AA1DD32D7A67BB00BF25CF /* ProductDetailView.swift */ = {isa = PBXFileReference; lastKnownFileType = sourcecode.swift; path = ProductDetailView.swift; sourceTree = "<group>"; };
		92AA1DD42D7A67BB00BF25CF /* ProductListView.swift */ = {isa = PBXFileReference; lastKnownFileType = sourcecode.swift; path = ProductListView.swift; sourceTree = "<group>"; };
		92BC35B62D72F92D008DBA10 /* DiamondFresh.app */ = {isa = PBXFileReference; explicitFileType = wrapper.application; includeInIndex = 0; path = DiamondFresh.app; sourceTree = BUILT_PRODUCTS_DIR; };
		92BC35B92D72F92D008DBA10 /* DiamondFreshApp.swift */ = {isa = PBXFileReference; lastKnownFileType = sourcecode.swift; path = DiamondFreshApp.swift; sourceTree = "<group>"; };
		92BC35BB2D72F92D008DBA10 /* ContentView.swift */ = {isa = PBXFileReference; lastKnownFileType = sourcecode.swift; path = ContentView.swift; sourceTree = "<group>"; };
		92BC35BD2D72F92E008DBA10 /* Assets.xcassets */ = {isa = PBXFileReference; lastKnownFileType = folder.assetcatalog; path = Assets.xcassets; sourceTree = "<group>"; };
		92BC35C02D72F92E008DBA10 /* Preview Assets.xcassets */ = {isa = PBXFileReference; lastKnownFileType = folder.assetcatalog; path = "Preview Assets.xcassets"; sourceTree = "<group>"; };
		92BC35C62D72F92E008DBA10 /* DiamondFreshTests.xctest */ = {isa = PBXFileReference; explicitFileType = wrapper.cfbundle; includeInIndex = 0; path = DiamondFreshTests.xctest; sourceTree = BUILT_PRODUCTS_DIR; };
		92BC35CA2D72F92E008DBA10 /* DiamondFreshTests.swift */ = {isa = PBXFileReference; lastKnownFileType = sourcecode.swift; path = DiamondFreshTests.swift; sourceTree = "<group>"; };
		92BC35D02D72F92E008DBA10 /* DiamondFreshUITests.xctest */ = {isa = PBXFileReference; explicitFileType = wrapper.cfbundle; includeInIndex = 0; path = DiamondFreshUITests.xctest; sourceTree = BUILT_PRODUCTS_DIR; };
		92BC35D42D72F92E008DBA10 /* DiamondFreshUITests.swift */ = {isa = PBXFileReference; lastKnownFileType = sourcecode.swift; path = DiamondFreshUITests.swift; sourceTree = "<group>"; };
		92BC35D62D72F92E008DBA10 /* DiamondFreshUITestsLaunchTests.swift */ = {isa = PBXFileReference; lastKnownFileType = sourcecode.swift; path = DiamondFreshUITestsLaunchTests.swift; sourceTree = "<group>"; };
/* End PBXFileReference section */

/* Begin PBXFrameworksBuildPhase section */
		92BC35B32D72F92D008DBA10 /* Frameworks */ = {
			isa = PBXFrameworksBuildPhase;
			buildActionMask = 2147483647;
			files = (
				926567942D7A8308002BD7C2 /* FirebaseAnalytics in Frameworks */,
				926567B22D7A8477002BD7C2 /* FirebaseDynamicLinks in Frameworks */,
				926567BC2D7A8477002BD7C2 /* FirebaseInAppMessaging-Beta in Frameworks */,
				926567AA2D7A8477002BD7C2 /* FirebaseAuthCombine-Community in Frameworks */,
				9252E5902D7A8072003B5388 /* FirebaseAnalytics in Frameworks */,
				926567A82D7A8477002BD7C2 /* FirebaseAuth in Frameworks */,
				926567CA2D7A8477002BD7C2 /* FirebaseStorageCombine-Community in Frameworks */,
				9265679E2D7A8477002BD7C2 /* FirebaseAnalytics in Frameworks */,
				926567A02D7A8477002BD7C2 /* FirebaseAnalyticsOnDeviceConversion in Frameworks */,
				926567C82D7A8477002BD7C2 /* FirebaseStorage in Frameworks */,
				9252E5922D7A8072003B5388 /* FirebaseAnalyticsOnDeviceConversion in Frameworks */,
				926567AC2D7A8477002BD7C2 /* FirebaseCore in Frameworks */,
				926567B62D7A8477002BD7C2 /* FirebaseFirestoreCombine-Community in Frameworks */,
				9252E58B2D7A7778003B5388 /* SwiftSMTP in Frameworks */,
				926567C22D7A8477002BD7C2 /* FirebaseMessaging in Frameworks */,
				926567C02D7A8477002BD7C2 /* FirebaseMLModelDownloader in Frameworks */,
				926567C42D7A8477002BD7C2 /* FirebasePerformance in Frameworks */,
				9252E5962D7A8072003B5388 /* FirebaseAppCheck in Frameworks */,
				926567A62D7A8477002BD7C2 /* FirebaseAppDistribution-Beta in Frameworks */,
				9252E5942D7A8072003B5388 /* FirebaseAnalyticsWithoutAdIdSupport in Frameworks */,
				926567BE2D7A8477002BD7C2 /* FirebaseInstallations in Frameworks */,
				926567B02D7A8477002BD7C2 /* FirebaseDatabase in Frameworks */,
				9252E5982D7A8072003B5388 /* FirebaseAppDistribution-Beta in Frameworks */,
				926567B42D7A8477002BD7C2 /* FirebaseFirestore in Frameworks */,
				926567B82D7A8477002BD7C2 /* FirebaseFunctions in Frameworks */,
				926567C62D7A8477002BD7C2 /* FirebaseRemoteConfig in Frameworks */,
				926567982D7A8308002BD7C2 /* FirebaseAnalyticsWithoutAdIdSupport in Frameworks */,
				9265679A2D7A8308002BD7C2 /* FirebaseAppCheck in Frameworks */,
				926567A22D7A8477002BD7C2 /* FirebaseAnalyticsWithoutAdIdSupport in Frameworks */,
				926567BA2D7A8477002BD7C2 /* FirebaseFunctionsCombine-Community in Frameworks */,
				9265679C2D7A8308002BD7C2 /* FirebaseAppDistribution-Beta in Frameworks */,
				926567AE2D7A8477002BD7C2 /* FirebaseCrashlytics in Frameworks */,
				926567CC2D7A8477002BD7C2 /* FirebaseVertexAI in Frameworks */,
				926567A42D7A8477002BD7C2 /* FirebaseAppCheck in Frameworks */,
				926567962D7A8308002BD7C2 /* FirebaseAnalyticsOnDeviceConversion in Frameworks */,
			);
			runOnlyForDeploymentPostprocessing = 0;
		};
		92BC35C32D72F92E008DBA10 /* Frameworks */ = {
			isa = PBXFrameworksBuildPhase;
			buildActionMask = 2147483647;
			files = (
			);
			runOnlyForDeploymentPostprocessing = 0;
		};
		92BC35CD2D72F92E008DBA10 /* Frameworks */ = {
			isa = PBXFrameworksBuildPhase;
			buildActionMask = 2147483647;
			files = (
			);
			runOnlyForDeploymentPostprocessing = 0;
		};
/* End PBXFrameworksBuildPhase section */

/* Begin PBXGroup section */
		926567D12D7A8E38002BD7C2 /* Authentication */ = {
			isa = PBXGroup;
			children = (
				926567CF2D7A8E38002BD7C2 /* LoginView.swift */,
				926567D02D7A8E38002BD7C2 /* SignUpView.swift */,
			);
			path = Authentication;
			sourceTree = "<group>";
		};
		92AA1DC12D7A67BB00BF25CF /* grocery_images */ = {
			isa = PBXGroup;
			children = (
			);
			path = grocery_images;
			sourceTree = "<group>";
		};
		92AA1DC22D7A67BB00BF25CF /* Assets */ = {
			isa = PBXGroup;
			children = (
				92AA1DC12D7A67BB00BF25CF /* grocery_images */,
			);
			path = Assets;
			sourceTree = "<group>";
		};
		92AA1DC52D7A67BB00BF25CF /* Models */ = {
			isa = PBXGroup;
			children = (
				9265678F2D7A8256002BD7C2 /* User.swift */,
				92AA1DC32D7A67BB00BF25CF /* Order.swift */,
				92AA1DC42D7A67BB00BF25CF /* Product.swift */,
			);
			path = Models;
			sourceTree = "<group>";
		};
		92AA1DC72D7A67BB00BF25CF /* Resources */ = {
			isa = PBXGroup;
			children = (
				92AA1DC62D7A67BB00BF25CF /* MockData.json */,
			);
			path = Resources;
			sourceTree = "<group>";
		};
		92AA1DCA2D7A67BB00BF25CF /* Services */ = {
			isa = PBXGroup;
			children = (
				92AA1DC82D7A67BB00BF25CF /* OrderService.swift */,
				92AA1DC92D7A67BB00BF25CF /* ProductService.swift */,
			);
			path = Services;
			sourceTree = "<group>";
		};
		92AA1DCD2D7A67BB00BF25CF /* Utils */ = {
			isa = PBXGroup;
			children = (
				92AA1DCB2D7A67BB00BF25CF /* Formatter.swift */,
				92AA1DCC2D7A67BB00BF25CF /* InvoiceGenerator.swift */,
			);
			path = Utils;
			sourceTree = "<group>";
		};
		92AA1DD02D7A67BB00BF25CF /* ViewModels */ = {
			isa = PBXGroup;
			children = (
				926567912D7A8288002BD7C2 /* AuthViewModel.swift */,
				92AA1DCE2D7A67BB00BF25CF /* CartViewModel.swift */,
				92AA1DCF2D7A67BB00BF25CF /* ProductViewModel.swift */,
			);
			path = ViewModels;
			sourceTree = "<group>";
		};
		92AA1DD52D7A67BB00BF25CF /* Views */ = {
			isa = PBXGroup;
			children = (
				926567D12D7A8E38002BD7C2 /* Authentication */,
				92AA1DD12D7A67BB00BF25CF /* CartView.swift */,
				92AA1DD22D7A67BB00BF25CF /* OrderConfirmationView.swift */,
				92AA1DD32D7A67BB00BF25CF /* ProductDetailView.swift */,
				92AA1DD42D7A67BB00BF25CF /* ProductListView.swift */,
			);
			path = Views;
			sourceTree = "<group>";
		};
		92BC35AD2D72F92D008DBA10 = {
			isa = PBXGroup;
			children = (
				92BC35B82D72F92D008DBA10 /* DiamondFresh */,
				92BC35C92D72F92E008DBA10 /* DiamondFreshTests */,
				92BC35D32D72F92E008DBA10 /* DiamondFreshUITests */,
				92BC35B72D72F92D008DBA10 /* Products */,
			);
			sourceTree = "<group>";
		};
		92BC35B72D72F92D008DBA10 /* Products */ = {
			isa = PBXGroup;
			children = (
				92BC35B62D72F92D008DBA10 /* DiamondFresh.app */,
				92BC35C62D72F92E008DBA10 /* DiamondFreshTests.xctest */,
				92BC35D02D72F92E008DBA10 /* DiamondFreshUITests.xctest */,
			);
			name = Products;
			sourceTree = "<group>";
		};
		92BC35B82D72F92D008DBA10 /* DiamondFresh */ = {
			isa = PBXGroup;
			children = (
				9252E5992D7A813E003B5388 /* AppDelegate.swift */,
				9252E58D2D7A7F5B003B5388 /* GoogleService-Info.plist */,
				92AA1DC22D7A67BB00BF25CF /* Assets */,
				92AA1DC52D7A67BB00BF25CF /* Models */,
				92AA1DC72D7A67BB00BF25CF /* Resources */,
				92AA1DCA2D7A67BB00BF25CF /* Services */,
				92AA1DCD2D7A67BB00BF25CF /* Utils */,
				92AA1DD02D7A67BB00BF25CF /* ViewModels */,
				92AA1DD52D7A67BB00BF25CF /* Views */,
				92BC35B92D72F92D008DBA10 /* DiamondFreshApp.swift */,
				92BC35BB2D72F92D008DBA10 /* ContentView.swift */,
				92BC35BD2D72F92E008DBA10 /* Assets.xcassets */,
				92BC35BF2D72F92E008DBA10 /* Preview Content */,
			);
			path = DiamondFresh;
			sourceTree = "<group>";
		};
		92BC35BF2D72F92E008DBA10 /* Preview Content */ = {
			isa = PBXGroup;
			children = (
				92BC35C02D72F92E008DBA10 /* Preview Assets.xcassets */,
			);
			path = "Preview Content";
			sourceTree = "<group>";
		};
		92BC35C92D72F92E008DBA10 /* DiamondFreshTests */ = {
			isa = PBXGroup;
			children = (
				92BC35CA2D72F92E008DBA10 /* DiamondFreshTests.swift */,
			);
			path = DiamondFreshTests;
			sourceTree = "<group>";
		};
		92BC35D32D72F92E008DBA10 /* DiamondFreshUITests */ = {
			isa = PBXGroup;
			children = (
				92BC35D42D72F92E008DBA10 /* DiamondFreshUITests.swift */,
				92BC35D62D72F92E008DBA10 /* DiamondFreshUITestsLaunchTests.swift */,
			);
			path = DiamondFreshUITests;
			sourceTree = "<group>";
		};
/* End PBXGroup section */

/* Begin PBXNativeTarget section */
		92BC35B52D72F92D008DBA10 /* DiamondFresh */ = {
			isa = PBXNativeTarget;
			buildConfigurationList = 92BC35DA2D72F92E008DBA10 /* Build configuration list for PBXNativeTarget "DiamondFresh" */;
			buildPhases = (
				92BC35B22D72F92D008DBA10 /* Sources */,
				92BC35B32D72F92D008DBA10 /* Frameworks */,
				92BC35B42D72F92D008DBA10 /* Resources */,
			);
			buildRules = (
			);
			dependencies = (
			);
			name = DiamondFresh;
			productName = DiamondFresh;
			productReference = 92BC35B62D72F92D008DBA10 /* DiamondFresh.app */;
			productType = "com.apple.product-type.application";
		};
		92BC35C52D72F92E008DBA10 /* DiamondFreshTests */ = {
			isa = PBXNativeTarget;
			buildConfigurationList = 92BC35DD2D72F92E008DBA10 /* Build configuration list for PBXNativeTarget "DiamondFreshTests" */;
			buildPhases = (
				92BC35C22D72F92E008DBA10 /* Sources */,
				92BC35C32D72F92E008DBA10 /* Frameworks */,
				92BC35C42D72F92E008DBA10 /* Resources */,
			);
			buildRules = (
			);
			dependencies = (
				92BC35C82D72F92E008DBA10 /* PBXTargetDependency */,
			);
			name = DiamondFreshTests;
			productName = DiamondFreshTests;
			productReference = 92BC35C62D72F92E008DBA10 /* DiamondFreshTests.xctest */;
			productType = "com.apple.product-type.bundle.unit-test";
		};
		92BC35CF2D72F92E008DBA10 /* DiamondFreshUITests */ = {
			isa = PBXNativeTarget;
			buildConfigurationList = 92BC35E02D72F92E008DBA10 /* Build configuration list for PBXNativeTarget "DiamondFreshUITests" */;
			buildPhases = (
				92BC35CC2D72F92E008DBA10 /* Sources */,
				92BC35CD2D72F92E008DBA10 /* Frameworks */,
				92BC35CE2D72F92E008DBA10 /* Resources */,
			);
			buildRules = (
			);
			dependencies = (
				92BC35D22D72F92E008DBA10 /* PBXTargetDependency */,
			);
			name = DiamondFreshUITests;
			productName = DiamondFreshUITests;
			productReference = 92BC35D02D72F92E008DBA10 /* DiamondFreshUITests.xctest */;
			productType = "com.apple.product-type.bundle.ui-testing";
		};
/* End PBXNativeTarget section */

/* Begin PBXProject section */
		92BC35AE2D72F92D008DBA10 /* Project object */ = {
			isa = PBXProject;
			attributes = {
				BuildIndependentTargetsInParallel = 1;
				LastSwiftUpdateCheck = 1430;
				LastUpgradeCheck = 1620;
				TargetAttributes = {
					92BC35B52D72F92D008DBA10 = {
						CreatedOnToolsVersion = 14.3.1;
					};
					92BC35C52D72F92E008DBA10 = {
						CreatedOnToolsVersion = 14.3.1;
						TestTargetID = 92BC35B52D72F92D008DBA10;
					};
					92BC35CF2D72F92E008DBA10 = {
						CreatedOnToolsVersion = 14.3.1;
						TestTargetID = 92BC35B52D72F92D008DBA10;
					};
				};
			};
			buildConfigurationList = 92BC35B12D72F92D008DBA10 /* Build configuration list for PBXProject "DiamondFresh" */;
			compatibilityVersion = "Xcode 14.0";
			developmentRegion = en;
			hasScannedForEncodings = 0;
			knownRegions = (
				en,
				Base,
			);
			mainGroup = 92BC35AD2D72F92D008DBA10;
			packageReferences = (
				9252E5892D7A7778003B5388 /* XCRemoteSwiftPackageReference "Swift-SMTP" */,
				9252E58C2D7A7C9B003B5388 /* XCRemoteSwiftPackageReference "firebase-ios-sdk" */,
			);
			productRefGroup = 92BC35B72D72F92D008DBA10 /* Products */;
			projectDirPath = "";
			projectRoot = "";
			targets = (
				92BC35B52D72F92D008DBA10 /* DiamondFresh */,
				92BC35C52D72F92E008DBA10 /* DiamondFreshTests */,
				92BC35CF2D72F92E008DBA10 /* DiamondFreshUITests */,
			);
		};
/* End PBXProject section */

/* Begin PBXResourcesBuildPhase section */
		92BC35B42D72F92D008DBA10 /* Resources */ = {
			isa = PBXResourcesBuildPhase;
			buildActionMask = 2147483647;
			files = (
				92BC35C12D72F92E008DBA10 /* Preview Assets.xcassets in Resources */,
				9252E58E2D7A7F5B003B5388 /* GoogleService-Info.plist in Resources */,
				92BC35BE2D72F92E008DBA10 /* Assets.xcassets in Resources */,
				92AA1DE22D7A67BB00BF25CF /* MockData.json in Resources */,
			);
			runOnlyForDeploymentPostprocessing = 0;
		};
		92BC35C42D72F92E008DBA10 /* Resources */ = {
			isa = PBXResourcesBuildPhase;
			buildActionMask = 2147483647;
			files = (
			);
			runOnlyForDeploymentPostprocessing = 0;
		};
		92BC35CE2D72F92E008DBA10 /* Resources */ = {
			isa = PBXResourcesBuildPhase;
			buildActionMask = 2147483647;
			files = (
			);
			runOnlyForDeploymentPostprocessing = 0;
		};
/* End PBXResourcesBuildPhase section */

/* Begin PBXSourcesBuildPhase section */
		92BC35B22D72F92D008DBA10 /* Sources */ = {
			isa = PBXSourcesBuildPhase;
			buildActionMask = 2147483647;
			files = (
				92AA1DD62D7A67BB00BF25CF /* ProductListView.swift in Sources */,
				92AA1DD72D7A67BB00BF25CF /* Formatter.swift in Sources */,
				92AA1DD82D7A67BB00BF25CF /* CartView.swift in Sources */,
				9252E59A2D7A813E003B5388 /* AppDelegate.swift in Sources */,
				92AA1DD92D7A67BB00BF25CF /* ProductDetailView.swift in Sources */,
				92AA1DDA2D7A67BB00BF25CF /* OrderService.swift in Sources */,
				926567922D7A8288002BD7C2 /* AuthViewModel.swift in Sources */,
				92AA1DDB2D7A67BB00BF25CF /* CartViewModel.swift in Sources */,
				92AA1DDC2D7A67BB00BF25CF /* InvoiceGenerator.swift in Sources */,
				92AA1DDD2D7A67BB00BF25CF /* Product.swift in Sources */,
				92AA1DDE2D7A67BB00BF25CF /* Order.swift in Sources */,
				92AA1DDF2D7A67BB00BF25CF /* OrderConfirmationView.swift in Sources */,
				926567D22D7A8E38002BD7C2 /* SignUpView.swift in Sources */,
				926567D32D7A8E38002BD7C2 /* LoginView.swift in Sources */,
				92AA1DE02D7A67BB00BF25CF /* ProductService.swift in Sources */,
				926567902D7A8256002BD7C2 /* User.swift in Sources */,
				92AA1DE12D7A67BB00BF25CF /* ProductViewModel.swift in Sources */,
				92BC35BC2D72F92D008DBA10 /* ContentView.swift in Sources */,
				92BC35BA2D72F92D008DBA10 /* DiamondFreshApp.swift in Sources */,
			);
			runOnlyForDeploymentPostprocessing = 0;
		};
		92BC35C22D72F92E008DBA10 /* Sources */ = {
			isa = PBXSourcesBuildPhase;
			buildActionMask = 2147483647;
			files = (
				92BC35CB2D72F92E008DBA10 /* DiamondFreshTests.swift in Sources */,
			);
			runOnlyForDeploymentPostprocessing = 0;
		};
		92BC35CC2D72F92E008DBA10 /* Sources */ = {
			isa = PBXSourcesBuildPhase;
			buildActionMask = 2147483647;
			files = (
				92BC35D72D72F92E008DBA10 /* DiamondFreshUITestsLaunchTests.swift in Sources */,
				92BC35D52D72F92E008DBA10 /* DiamondFreshUITests.swift in Sources */,
			);
			runOnlyForDeploymentPostprocessing = 0;
		};
/* End PBXSourcesBuildPhase section */

/* Begin PBXTargetDependency section */
		92BC35C82D72F92E008DBA10 /* PBXTargetDependency */ = {
			isa = PBXTargetDependency;
			target = 92BC35B52D72F92D008DBA10 /* DiamondFresh */;
			targetProxy = 92BC35C72D72F92E008DBA10 /* PBXContainerItemProxy */;
		};
		92BC35D22D72F92E008DBA10 /* PBXTargetDependency */ = {
			isa = PBXTargetDependency;
			target = 92BC35B52D72F92D008DBA10 /* DiamondFresh */;
			targetProxy = 92BC35D12D72F92E008DBA10 /* PBXContainerItemProxy */;
		};
/* End PBXTargetDependency section */

/* Begin XCBuildConfiguration section */
		92BC35D82D72F92E008DBA10 /* Debug */ = {
			isa = XCBuildConfiguration;
			buildSettings = {
				ALWAYS_SEARCH_USER_PATHS = NO;
				CLANG_ANALYZER_NONNULL = YES;
				CLANG_ANALYZER_NUMBER_OBJECT_CONVERSION = YES_AGGRESSIVE;
				CLANG_CXX_LANGUAGE_STANDARD = "gnu++20";
				CLANG_ENABLE_MODULES = YES;
				CLANG_ENABLE_OBJC_ARC = YES;
				CLANG_ENABLE_OBJC_WEAK = YES;
				CLANG_WARN_BLOCK_CAPTURE_AUTORELEASING = YES;
				CLANG_WARN_BOOL_CONVERSION = YES;
				CLANG_WARN_COMMA = YES;
				CLANG_WARN_CONSTANT_CONVERSION = YES;
				CLANG_WARN_DEPRECATED_OBJC_IMPLEMENTATIONS = YES;
				CLANG_WARN_DIRECT_OBJC_ISA_USAGE = YES_ERROR;
				CLANG_WARN_DOCUMENTATION_COMMENTS = YES;
				CLANG_WARN_EMPTY_BODY = YES;
				CLANG_WARN_ENUM_CONVERSION = YES;
				CLANG_WARN_INFINITE_RECURSION = YES;
				CLANG_WARN_INT_CONVERSION = YES;
				CLANG_WARN_NON_LITERAL_NULL_CONVERSION = YES;
				CLANG_WARN_OBJC_IMPLICIT_RETAIN_SELF = YES;
				CLANG_WARN_OBJC_LITERAL_CONVERSION = YES;
				CLANG_WARN_OBJC_ROOT_CLASS = YES_ERROR;
				CLANG_WARN_QUOTED_INCLUDE_IN_FRAMEWORK_HEADER = YES;
				CLANG_WARN_RANGE_LOOP_ANALYSIS = YES;
				CLANG_WARN_STRICT_PROTOTYPES = YES;
				CLANG_WARN_SUSPICIOUS_MOVE = YES;
				CLANG_WARN_UNGUARDED_AVAILABILITY = YES_AGGRESSIVE;
				CLANG_WARN_UNREACHABLE_CODE = YES;
				CLANG_WARN__DUPLICATE_METHOD_MATCH = YES;
				COPY_PHASE_STRIP = NO;
				DEBUG_INFORMATION_FORMAT = dwarf;
				ENABLE_STRICT_OBJC_MSGSEND = YES;
				ENABLE_TESTABILITY = YES;
				ENABLE_USER_SCRIPT_SANDBOXING = YES;
				GCC_C_LANGUAGE_STANDARD = gnu11;
				GCC_DYNAMIC_NO_PIC = NO;
				GCC_NO_COMMON_BLOCKS = YES;
				GCC_OPTIMIZATION_LEVEL = 0;
				GCC_PREPROCESSOR_DEFINITIONS = (
					"DEBUG=1",
					"$(inherited)",
				);
				GCC_WARN_64_TO_32_BIT_CONVERSION = YES;
				GCC_WARN_ABOUT_RETURN_TYPE = YES_ERROR;
				GCC_WARN_UNDECLARED_SELECTOR = YES;
				GCC_WARN_UNINITIALIZED_AUTOS = YES_AGGRESSIVE;
				GCC_WARN_UNUSED_FUNCTION = YES;
				GCC_WARN_UNUSED_VARIABLE = YES;
				IPHONEOS_DEPLOYMENT_TARGET = 16.4;
				MTL_ENABLE_DEBUG_INFO = INCLUDE_SOURCE;
				MTL_FAST_MATH = YES;
				ONLY_ACTIVE_ARCH = YES;
				SDKROOT = iphoneos;
				SWIFT_ACTIVE_COMPILATION_CONDITIONS = DEBUG;
				SWIFT_OPTIMIZATION_LEVEL = "-Onone";
			};
			name = Debug;
		};
		92BC35D92D72F92E008DBA10 /* Release */ = {
			isa = XCBuildConfiguration;
			buildSettings = {
				ALWAYS_SEARCH_USER_PATHS = NO;
				CLANG_ANALYZER_NONNULL = YES;
				CLANG_ANALYZER_NUMBER_OBJECT_CONVERSION = YES_AGGRESSIVE;
				CLANG_CXX_LANGUAGE_STANDARD = "gnu++20";
				CLANG_ENABLE_MODULES = YES;
				CLANG_ENABLE_OBJC_ARC = YES;
				CLANG_ENABLE_OBJC_WEAK = YES;
				CLANG_WARN_BLOCK_CAPTURE_AUTORELEASING = YES;
				CLANG_WARN_BOOL_CONVERSION = YES;
				CLANG_WARN_COMMA = YES;
				CLANG_WARN_CONSTANT_CONVERSION = YES;
				CLANG_WARN_DEPRECATED_OBJC_IMPLEMENTATIONS = YES;
				CLANG_WARN_DIRECT_OBJC_ISA_USAGE = YES_ERROR;
				CLANG_WARN_DOCUMENTATION_COMMENTS = YES;
				CLANG_WARN_EMPTY_BODY = YES;
				CLANG_WARN_ENUM_CONVERSION = YES;
				CLANG_WARN_INFINITE_RECURSION = YES;
				CLANG_WARN_INT_CONVERSION = YES;
				CLANG_WARN_NON_LITERAL_NULL_CONVERSION = YES;
				CLANG_WARN_OBJC_IMPLICIT_RETAIN_SELF = YES;
				CLANG_WARN_OBJC_LITERAL_CONVERSION = YES;
				CLANG_WARN_OBJC_ROOT_CLASS = YES_ERROR;
				CLANG_WARN_QUOTED_INCLUDE_IN_FRAMEWORK_HEADER = YES;
				CLANG_WARN_RANGE_LOOP_ANALYSIS = YES;
				CLANG_WARN_STRICT_PROTOTYPES = YES;
				CLANG_WARN_SUSPICIOUS_MOVE = YES;
				CLANG_WARN_UNGUARDED_AVAILABILITY = YES_AGGRESSIVE;
				CLANG_WARN_UNREACHABLE_CODE = YES;
				CLANG_WARN__DUPLICATE_METHOD_MATCH = YES;
				COPY_PHASE_STRIP = NO;
				DEBUG_INFORMATION_FORMAT = "dwarf-with-dsym";
				ENABLE_NS_ASSERTIONS = NO;
				ENABLE_STRICT_OBJC_MSGSEND = YES;
				ENABLE_USER_SCRIPT_SANDBOXING = YES;
				GCC_C_LANGUAGE_STANDARD = gnu11;
				GCC_NO_COMMON_BLOCKS = YES;
				GCC_WARN_64_TO_32_BIT_CONVERSION = YES;
				GCC_WARN_ABOUT_RETURN_TYPE = YES_ERROR;
				GCC_WARN_UNDECLARED_SELECTOR = YES;
				GCC_WARN_UNINITIALIZED_AUTOS = YES_AGGRESSIVE;
				GCC_WARN_UNUSED_FUNCTION = YES;
				GCC_WARN_UNUSED_VARIABLE = YES;
				IPHONEOS_DEPLOYMENT_TARGET = 16.4;
				MTL_ENABLE_DEBUG_INFO = NO;
				MTL_FAST_MATH = YES;
				SDKROOT = iphoneos;
				SWIFT_COMPILATION_MODE = wholemodule;
				SWIFT_OPTIMIZATION_LEVEL = "-O";
				VALIDATE_PRODUCT = YES;
			};
			name = Release;
		};
		92BC35DB2D72F92E008DBA10 /* Debug */ = {
			isa = XCBuildConfiguration;
			buildSettings = {
				ASSETCATALOG_COMPILER_APPICON_NAME = AppIcon;
				ASSETCATALOG_COMPILER_GLOBAL_ACCENT_COLOR_NAME = AccentColor;
				CODE_SIGN_STYLE = Automatic;
				CURRENT_PROJECT_VERSION = 1;
				DEVELOPMENT_ASSET_PATHS = "\"DiamondFresh/Preview Content\"";
				DEVELOPMENT_TEAM = VMSA769YJ6;
				ENABLE_PREVIEWS = YES;
				GENERATE_INFOPLIST_FILE = YES;
				INFOPLIST_KEY_UIApplicationSceneManifest_Generation = YES;
				INFOPLIST_KEY_UIApplicationSupportsIndirectInputEvents = YES;
				INFOPLIST_KEY_UILaunchScreen_Generation = YES;
				INFOPLIST_KEY_UISupportedInterfaceOrientations_iPad = "UIInterfaceOrientationPortrait UIInterfaceOrientationPortraitUpsideDown UIInterfaceOrientationLandscapeLeft UIInterfaceOrientationLandscapeRight";
				INFOPLIST_KEY_UISupportedInterfaceOrientations_iPhone = "UIInterfaceOrientationPortrait UIInterfaceOrientationLandscapeLeft UIInterfaceOrientationLandscapeRight";
				LD_RUNPATH_SEARCH_PATHS = (
					"$(inherited)",
					"@executable_path/Frameworks",
				);
				MARKETING_VERSION = 1.0;
				PRODUCT_BUNDLE_IDENTIFIER = dmf.DiamondFresh;
				PRODUCT_NAME = "$(TARGET_NAME)";
				SWIFT_EMIT_LOC_STRINGS = YES;
				SWIFT_VERSION = 5.0;
				TARGETED_DEVICE_FAMILY = "1,2";
			};
			name = Debug;
		};
		92BC35DC2D72F92E008DBA10 /* Release */ = {
			isa = XCBuildConfiguration;
			buildSettings = {
				ASSETCATALOG_COMPILER_APPICON_NAME = AppIcon;
				ASSETCATALOG_COMPILER_GLOBAL_ACCENT_COLOR_NAME = AccentColor;
				CODE_SIGN_STYLE = Automatic;
				CURRENT_PROJECT_VERSION = 1;
				DEVELOPMENT_ASSET_PATHS = "\"DiamondFresh/Preview Content\"";
				DEVELOPMENT_TEAM = VMSA769YJ6;
				ENABLE_PREVIEWS = YES;
				GENERATE_INFOPLIST_FILE = YES;
				INFOPLIST_KEY_UIApplicationSceneManifest_Generation = YES;
				INFOPLIST_KEY_UIApplicationSupportsIndirectInputEvents = YES;
				INFOPLIST_KEY_UILaunchScreen_Generation = YES;
				INFOPLIST_KEY_UISupportedInterfaceOrientations_iPad = "UIInterfaceOrientationPortrait UIInterfaceOrientationPortraitUpsideDown UIInterfaceOrientationLandscapeLeft UIInterfaceOrientationLandscapeRight";
				INFOPLIST_KEY_UISupportedInterfaceOrientations_iPhone = "UIInterfaceOrientationPortrait UIInterfaceOrientationLandscapeLeft UIInterfaceOrientationLandscapeRight";
				LD_RUNPATH_SEARCH_PATHS = (
					"$(inherited)",
					"@executable_path/Frameworks",
				);
				MARKETING_VERSION = 1.0;
				PRODUCT_BUNDLE_IDENTIFIER = dmf.DiamondFresh;
				PRODUCT_NAME = "$(TARGET_NAME)";
				SWIFT_EMIT_LOC_STRINGS = YES;
				SWIFT_VERSION = 5.0;
				TARGETED_DEVICE_FAMILY = "1,2";
			};
			name = Release;
		};
		92BC35DE2D72F92E008DBA10 /* Debug */ = {
			isa = XCBuildConfiguration;
			buildSettings = {
				BUNDLE_LOADER = "$(TEST_HOST)";
				CODE_SIGN_STYLE = Automatic;
				CURRENT_PROJECT_VERSION = 1;
				DEVELOPMENT_TEAM = VMSA769YJ6;
				GENERATE_INFOPLIST_FILE = YES;
				IPHONEOS_DEPLOYMENT_TARGET = 16.4;
				MARKETING_VERSION = 1.0;
				PRODUCT_BUNDLE_IDENTIFIER = dmf.DiamondFreshTests;
				PRODUCT_NAME = "$(TARGET_NAME)";
				SWIFT_EMIT_LOC_STRINGS = NO;
				SWIFT_VERSION = 5.0;
				TARGETED_DEVICE_FAMILY = "1,2";
				TEST_HOST = "$(BUILT_PRODUCTS_DIR)/DiamondFresh.app/$(BUNDLE_EXECUTABLE_FOLDER_PATH)/DiamondFresh";
			};
			name = Debug;
		};
		92BC35DF2D72F92E008DBA10 /* Release */ = {
			isa = XCBuildConfiguration;
			buildSettings = {
				BUNDLE_LOADER = "$(TEST_HOST)";
				CODE_SIGN_STYLE = Automatic;
				CURRENT_PROJECT_VERSION = 1;
				DEVELOPMENT_TEAM = VMSA769YJ6;
				GENERATE_INFOPLIST_FILE = YES;
				IPHONEOS_DEPLOYMENT_TARGET = 16.4;
				MARKETING_VERSION = 1.0;
				PRODUCT_BUNDLE_IDENTIFIER = dmf.DiamondFreshTests;
				PRODUCT_NAME = "$(TARGET_NAME)";
				SWIFT_EMIT_LOC_STRINGS = NO;
				SWIFT_VERSION = 5.0;
				TARGETED_DEVICE_FAMILY = "1,2";
				TEST_HOST = "$(BUILT_PRODUCTS_DIR)/DiamondFresh.app/$(BUNDLE_EXECUTABLE_FOLDER_PATH)/DiamondFresh";
			};
			name = Release;
		};
		92BC35E12D72F92E008DBA10 /* Debug */ = {
			isa = XCBuildConfiguration;
			buildSettings = {
				CODE_SIGN_STYLE = Automatic;
				CURRENT_PROJECT_VERSION = 1;
				DEVELOPMENT_TEAM = VMSA769YJ6;
				GENERATE_INFOPLIST_FILE = YES;
				MARKETING_VERSION = 1.0;
				PRODUCT_BUNDLE_IDENTIFIER = dmf.DiamondFreshUITests;
				PRODUCT_NAME = "$(TARGET_NAME)";
				SWIFT_EMIT_LOC_STRINGS = NO;
				SWIFT_VERSION = 5.0;
				TARGETED_DEVICE_FAMILY = "1,2";
				TEST_TARGET_NAME = DiamondFresh;
			};
			name = Debug;
		};
		92BC35E22D72F92E008DBA10 /* Release */ = {
			isa = XCBuildConfiguration;
			buildSettings = {
				CODE_SIGN_STYLE = Automatic;
				CURRENT_PROJECT_VERSION = 1;
				DEVELOPMENT_TEAM = VMSA769YJ6;
				GENERATE_INFOPLIST_FILE = YES;
				MARKETING_VERSION = 1.0;
				PRODUCT_BUNDLE_IDENTIFIER = dmf.DiamondFreshUITests;
				PRODUCT_NAME = "$(TARGET_NAME)";
				SWIFT_EMIT_LOC_STRINGS = NO;
				SWIFT_VERSION = 5.0;
				TARGETED_DEVICE_FAMILY = "1,2";
				TEST_TARGET_NAME = DiamondFresh;
			};
			name = Release;
		};
/* End XCBuildConfiguration section */

/* Begin XCConfigurationList section */
		92BC35B12D72F92D008DBA10 /* Build configuration list for PBXProject "DiamondFresh" */ = {
			isa = XCConfigurationList;
			buildConfigurations = (
				92BC35D82D72F92E008DBA10 /* Debug */,
				92BC35D92D72F92E008DBA10 /* Release */,
			);
			defaultConfigurationIsVisible = 0;
			defaultConfigurationName = Release;
		};
		92BC35DA2D72F92E008DBA10 /* Build configuration list for PBXNativeTarget "DiamondFresh" */ = {
			isa = XCConfigurationList;
			buildConfigurations = (
				92BC35DB2D72F92E008DBA10 /* Debug */,
				92BC35DC2D72F92E008DBA10 /* Release */,
			);
			defaultConfigurationIsVisible = 0;
			defaultConfigurationName = Release;
		};
		92BC35DD2D72F92E008DBA10 /* Build configuration list for PBXNativeTarget "DiamondFreshTests" */ = {
			isa = XCConfigurationList;
			buildConfigurations = (
				92BC35DE2D72F92E008DBA10 /* Debug */,
				92BC35DF2D72F92E008DBA10 /* Release */,
			);
			defaultConfigurationIsVisible = 0;
			defaultConfigurationName = Release;
		};
		92BC35E02D72F92E008DBA10 /* Build configuration list for PBXNativeTarget "DiamondFreshUITests" */ = {
			isa = XCConfigurationList;
			buildConfigurations = (
				92BC35E12D72F92E008DBA10 /* Debug */,
				92BC35E22D72F92E008DBA10 /* Release */,
			);
			defaultConfigurationIsVisible = 0;
			defaultConfigurationName = Release;
		};
/* End XCConfigurationList section */

/* Begin XCRemoteSwiftPackageReference section */
		9252E5892D7A7778003B5388 /* XCRemoteSwiftPackageReference "Swift-SMTP" */ = {
			isa = XCRemoteSwiftPackageReference;
			repositoryURL = "https://github.com/Kitura/Swift-SMTP";
			requirement = {
				kind = upToNextMajorVersion;
				minimumVersion = 6.0.0;
			};
		};
		9252E58C2D7A7C9B003B5388 /* XCRemoteSwiftPackageReference "firebase-ios-sdk" */ = {
			isa = XCRemoteSwiftPackageReference;
			repositoryURL = "https://github.com/firebase/firebase-ios-sdk";
			requirement = {
				kind = upToNextMajorVersion;
				minimumVersion = 11.9.0;
			};
		};
/* End XCRemoteSwiftPackageReference section */

/* Begin XCSwiftPackageProductDependency section */
		9252E58A2D7A7778003B5388 /* SwiftSMTP */ = {
			isa = XCSwiftPackageProductDependency;
			package = 9252E5892D7A7778003B5388 /* XCRemoteSwiftPackageReference "Swift-SMTP" */;
			productName = SwiftSMTP;
		};
		9252E58F2D7A8072003B5388 /* FirebaseAnalytics */ = {
			isa = XCSwiftPackageProductDependency;
			package = 9252E58C2D7A7C9B003B5388 /* XCRemoteSwiftPackageReference "firebase-ios-sdk" */;
			productName = FirebaseAnalytics;
		};
		9252E5912D7A8072003B5388 /* FirebaseAnalyticsOnDeviceConversion */ = {
			isa = XCSwiftPackageProductDependency;
			package = 9252E58C2D7A7C9B003B5388 /* XCRemoteSwiftPackageReference "firebase-ios-sdk" */;
			productName = FirebaseAnalyticsOnDeviceConversion;
		};
		9252E5932D7A8072003B5388 /* FirebaseAnalyticsWithoutAdIdSupport */ = {
			isa = XCSwiftPackageProductDependency;
			package = 9252E58C2D7A7C9B003B5388 /* XCRemoteSwiftPackageReference "firebase-ios-sdk" */;
			productName = FirebaseAnalyticsWithoutAdIdSupport;
		};
		9252E5952D7A8072003B5388 /* FirebaseAppCheck */ = {
			isa = XCSwiftPackageProductDependency;
			package = 9252E58C2D7A7C9B003B5388 /* XCRemoteSwiftPackageReference "firebase-ios-sdk" */;
			productName = FirebaseAppCheck;
		};
		9252E5972D7A8072003B5388 /* FirebaseAppDistribution-Beta */ = {
			isa = XCSwiftPackageProductDependency;
			package = 9252E58C2D7A7C9B003B5388 /* XCRemoteSwiftPackageReference "firebase-ios-sdk" */;
			productName = "FirebaseAppDistribution-Beta";
		};
		926567932D7A8308002BD7C2 /* FirebaseAnalytics */ = {
			isa = XCSwiftPackageProductDependency;
			package = 9252E58C2D7A7C9B003B5388 /* XCRemoteSwiftPackageReference "firebase-ios-sdk" */;
			productName = FirebaseAnalytics;
		};
		926567952D7A8308002BD7C2 /* FirebaseAnalyticsOnDeviceConversion */ = {
			isa = XCSwiftPackageProductDependency;
			package = 9252E58C2D7A7C9B003B5388 /* XCRemoteSwiftPackageReference "firebase-ios-sdk" */;
			productName = FirebaseAnalyticsOnDeviceConversion;
		};
		926567972D7A8308002BD7C2 /* FirebaseAnalyticsWithoutAdIdSupport */ = {
			isa = XCSwiftPackageProductDependency;
			package = 9252E58C2D7A7C9B003B5388 /* XCRemoteSwiftPackageReference "firebase-ios-sdk" */;
			productName = FirebaseAnalyticsWithoutAdIdSupport;
		};
		926567992D7A8308002BD7C2 /* FirebaseAppCheck */ = {
			isa = XCSwiftPackageProductDependency;
			package = 9252E58C2D7A7C9B003B5388 /* XCRemoteSwiftPackageReference "firebase-ios-sdk" */;
			productName = FirebaseAppCheck;
		};
		9265679B2D7A8308002BD7C2 /* FirebaseAppDistribution-Beta */ = {
			isa = XCSwiftPackageProductDependency;
			package = 9252E58C2D7A7C9B003B5388 /* XCRemoteSwiftPackageReference "firebase-ios-sdk" */;
			productName = "FirebaseAppDistribution-Beta";
		};
		9265679D2D7A8477002BD7C2 /* FirebaseAnalytics */ = {
			isa = XCSwiftPackageProductDependency;
			package = 9252E58C2D7A7C9B003B5388 /* XCRemoteSwiftPackageReference "firebase-ios-sdk" */;
			productName = FirebaseAnalytics;
		};
		9265679F2D7A8477002BD7C2 /* FirebaseAnalyticsOnDeviceConversion */ = {
			isa = XCSwiftPackageProductDependency;
			package = 9252E58C2D7A7C9B003B5388 /* XCRemoteSwiftPackageReference "firebase-ios-sdk" */;
			productName = FirebaseAnalyticsOnDeviceConversion;
		};
		926567A12D7A8477002BD7C2 /* FirebaseAnalyticsWithoutAdIdSupport */ = {
			isa = XCSwiftPackageProductDependency;
			package = 9252E58C2D7A7C9B003B5388 /* XCRemoteSwiftPackageReference "firebase-ios-sdk" */;
			productName = FirebaseAnalyticsWithoutAdIdSupport;
		};
		926567A32D7A8477002BD7C2 /* FirebaseAppCheck */ = {
			isa = XCSwiftPackageProductDependency;
			package = 9252E58C2D7A7C9B003B5388 /* XCRemoteSwiftPackageReference "firebase-ios-sdk" */;
			productName = FirebaseAppCheck;
		};
		926567A52D7A8477002BD7C2 /* FirebaseAppDistribution-Beta */ = {
			isa = XCSwiftPackageProductDependency;
			package = 9252E58C2D7A7C9B003B5388 /* XCRemoteSwiftPackageReference "firebase-ios-sdk" */;
			productName = "FirebaseAppDistribution-Beta";
		};
		926567A72D7A8477002BD7C2 /* FirebaseAuth */ = {
			isa = XCSwiftPackageProductDependency;
			package = 9252E58C2D7A7C9B003B5388 /* XCRemoteSwiftPackageReference "firebase-ios-sdk" */;
			productName = FirebaseAuth;
		};
		926567A92D7A8477002BD7C2 /* FirebaseAuthCombine-Community */ = {
			isa = XCSwiftPackageProductDependency;
			package = 9252E58C2D7A7C9B003B5388 /* XCRemoteSwiftPackageReference "firebase-ios-sdk" */;
			productName = "FirebaseAuthCombine-Community";
		};
		926567AB2D7A8477002BD7C2 /* FirebaseCore */ = {
			isa = XCSwiftPackageProductDependency;
			package = 9252E58C2D7A7C9B003B5388 /* XCRemoteSwiftPackageReference "firebase-ios-sdk" */;
			productName = FirebaseCore;
		};
		926567AD2D7A8477002BD7C2 /* FirebaseCrashlytics */ = {
			isa = XCSwiftPackageProductDependency;
			package = 9252E58C2D7A7C9B003B5388 /* XCRemoteSwiftPackageReference "firebase-ios-sdk" */;
			productName = FirebaseCrashlytics;
		};
		926567AF2D7A8477002BD7C2 /* FirebaseDatabase */ = {
			isa = XCSwiftPackageProductDependency;
			package = 9252E58C2D7A7C9B003B5388 /* XCRemoteSwiftPackageReference "firebase-ios-sdk" */;
			productName = FirebaseDatabase;
		};
		926567B12D7A8477002BD7C2 /* FirebaseDynamicLinks */ = {
			isa = XCSwiftPackageProductDependency;
			package = 9252E58C2D7A7C9B003B5388 /* XCRemoteSwiftPackageReference "firebase-ios-sdk" */;
			productName = FirebaseDynamicLinks;
		};
		926567B32D7A8477002BD7C2 /* FirebaseFirestore */ = {
			isa = XCSwiftPackageProductDependency;
			package = 9252E58C2D7A7C9B003B5388 /* XCRemoteSwiftPackageReference "firebase-ios-sdk" */;
			productName = FirebaseFirestore;
		};
		926567B52D7A8477002BD7C2 /* FirebaseFirestoreCombine-Community */ = {
			isa = XCSwiftPackageProductDependency;
			package = 9252E58C2D7A7C9B003B5388 /* XCRemoteSwiftPackageReference "firebase-ios-sdk" */;
			productName = "FirebaseFirestoreCombine-Community";
		};
		926567B72D7A8477002BD7C2 /* FirebaseFunctions */ = {
			isa = XCSwiftPackageProductDependency;
			package = 9252E58C2D7A7C9B003B5388 /* XCRemoteSwiftPackageReference "firebase-ios-sdk" */;
			productName = FirebaseFunctions;
		};
		926567B92D7A8477002BD7C2 /* FirebaseFunctionsCombine-Community */ = {
			isa = XCSwiftPackageProductDependency;
			package = 9252E58C2D7A7C9B003B5388 /* XCRemoteSwiftPackageReference "firebase-ios-sdk" */;
			productName = "FirebaseFunctionsCombine-Community";
		};
		926567BB2D7A8477002BD7C2 /* FirebaseInAppMessaging-Beta */ = {
			isa = XCSwiftPackageProductDependency;
			package = 9252E58C2D7A7C9B003B5388 /* XCRemoteSwiftPackageReference "firebase-ios-sdk" */;
			productName = "FirebaseInAppMessaging-Beta";
		};
		926567BD2D7A8477002BD7C2 /* FirebaseInstallations */ = {
			isa = XCSwiftPackageProductDependency;
			package = 9252E58C2D7A7C9B003B5388 /* XCRemoteSwiftPackageReference "firebase-ios-sdk" */;
			productName = FirebaseInstallations;
		};
		926567BF2D7A8477002BD7C2 /* FirebaseMLModelDownloader */ = {
			isa = XCSwiftPackageProductDependency;
			package = 9252E58C2D7A7C9B003B5388 /* XCRemoteSwiftPackageReference "firebase-ios-sdk" */;
			productName = FirebaseMLModelDownloader;
		};
		926567C12D7A8477002BD7C2 /* FirebaseMessaging */ = {
			isa = XCSwiftPackageProductDependency;
			package = 9252E58C2D7A7C9B003B5388 /* XCRemoteSwiftPackageReference "firebase-ios-sdk" */;
			productName = FirebaseMessaging;
		};
		926567C32D7A8477002BD7C2 /* FirebasePerformance */ = {
			isa = XCSwiftPackageProductDependency;
			package = 9252E58C2D7A7C9B003B5388 /* XCRemoteSwiftPackageReference "firebase-ios-sdk" */;
			productName = FirebasePerformance;
		};
		926567C52D7A8477002BD7C2 /* FirebaseRemoteConfig */ = {
			isa = XCSwiftPackageProductDependency;
			package = 9252E58C2D7A7C9B003B5388 /* XCRemoteSwiftPackageReference "firebase-ios-sdk" */;
			productName = FirebaseRemoteConfig;
		};
		926567C72D7A8477002BD7C2 /* FirebaseStorage */ = {
			isa = XCSwiftPackageProductDependency;
			package = 9252E58C2D7A7C9B003B5388 /* XCRemoteSwiftPackageReference "firebase-ios-sdk" */;
			productName = FirebaseStorage;
		};
		926567C92D7A8477002BD7C2 /* FirebaseStorageCombine-Community */ = {
			isa = XCSwiftPackageProductDependency;
			package = 9252E58C2D7A7C9B003B5388 /* XCRemoteSwiftPackageReference "firebase-ios-sdk" */;
			productName = "FirebaseStorageCombine-Community";
		};
		926567CB2D7A8477002BD7C2 /* FirebaseVertexAI */ = {
			isa = XCSwiftPackageProductDependency;
			package = 9252E58C2D7A7C9B003B5388 /* XCRemoteSwiftPackageReference "firebase-ios-sdk" */;
			productName = FirebaseVertexAI;
		};
/* End XCSwiftPackageProductDependency section */
	};
	rootObject = 92BC35AE2D72F92D008DBA10 /* Project object */;
}
